// !$*UTF8*$!
{
	archiveVersion = 1;
	classes = {
	};
	objectVersion = 46;
	objects = {

/* Begin PBXBuildFile section */
		26223A7F1E4B6F0C00D1DA68 /* SentMemesTableViewController.swift in Sources */ = {isa = PBXBuildFile; fileRef = 26223A7E1E4B6F0C00D1DA68 /* SentMemesTableViewController.swift */; };
		26223A811E4B798800D1DA68 /* SentMemesCollectionViewController.swift in Sources */ = {isa = PBXBuildFile; fileRef = 26223A801E4B798800D1DA68 /* SentMemesCollectionViewController.swift */; };
		26223A831E4B7B0700D1DA68 /* MemeCollectionViewCell.swift in Sources */ = {isa = PBXBuildFile; fileRef = 26223A821E4B7B0700D1DA68 /* MemeCollectionViewCell.swift */; };
		26223A851E4B805800D1DA68 /* MemeDetailViewController.swift in Sources */ = {isa = PBXBuildFile; fileRef = 26223A841E4B805800D1DA68 /* MemeDetailViewController.swift */; };
		26223A871E4C95D200D1DA68 /* MemeTableViewCell.swift in Sources */ = {isa = PBXBuildFile; fileRef = 26223A861E4C95D200D1DA68 /* MemeTableViewCell.swift */; };
		2638AB741E30B5B00072CB20 /* AppDelegate.swift in Sources */ = {isa = PBXBuildFile; fileRef = 2638AB731E30B5B00072CB20 /* AppDelegate.swift */; };
		2638AB761E30B5B00072CB20 /* memeEditorViewController.swift in Sources */ = {isa = PBXBuildFile; fileRef = 2638AB751E30B5B00072CB20 /* memeEditorViewController.swift */; };
		2638AB791E30B5B00072CB20 /* Main.storyboard in Resources */ = {isa = PBXBuildFile; fileRef = 2638AB771E30B5B00072CB20 /* Main.storyboard */; };
		2638AB7C1E30B5B00072CB20 /* MemeMe_V1.xcdatamodeld in Sources */ = {isa = PBXBuildFile; fileRef = 2638AB7A1E30B5B00072CB20 /* MemeMe_V1.xcdatamodeld */; };
		2638AB7E1E30B5B00072CB20 /* Assets.xcassets in Resources */ = {isa = PBXBuildFile; fileRef = 2638AB7D1E30B5B00072CB20 /* Assets.xcassets */; };
		2638AB811E30B5B00072CB20 /* LaunchScreen.storyboard in Resources */ = {isa = PBXBuildFile; fileRef = 2638AB7F1E30B5B00072CB20 /* LaunchScreen.storyboard */; };
		2638AB8C1E30B5B00072CB20 /* MemeMe_V1Tests.swift in Sources */ = {isa = PBXBuildFile; fileRef = 2638AB8B1E30B5B00072CB20 /* MemeMe_V1Tests.swift */; };
		2638AB971E30B5B00072CB20 /* MemeMe_V1UITests.swift in Sources */ = {isa = PBXBuildFile; fileRef = 2638AB961E30B5B00072CB20 /* MemeMe_V1UITests.swift */; };
		2638ABAA1E3302190072CB20 /* Meme.swift in Sources */ = {isa = PBXBuildFile; fileRef = 2638ABA91E3302190072CB20 /* Meme.swift */; };
		2638ABAC1E33B4BD0072CB20 /* TextDelegate.swift in Sources */ = {isa = PBXBuildFile; fileRef = 2638ABAB1E33B4BD0072CB20 /* TextDelegate.swift */; };
		26799B361E50D45A00BC8317 /* memeEditorViewControllerExtensions.swift in Sources */ = {isa = PBXBuildFile; fileRef = 26799B351E50D45A00BC8317 /* memeEditorViewControllerExtensions.swift */; };
/* End PBXBuildFile section */

/* Begin PBXContainerItemProxy section */
		2638AB881E30B5B00072CB20 /* PBXContainerItemProxy */ = {
			isa = PBXContainerItemProxy;
			containerPortal = 2638AB681E30B5B00072CB20 /* Project object */;
			proxyType = 1;
			remoteGlobalIDString = 2638AB6F1E30B5B00072CB20;
			remoteInfo = MemeMe_V1;
		};
		2638AB931E30B5B00072CB20 /* PBXContainerItemProxy */ = {
			isa = PBXContainerItemProxy;
			containerPortal = 2638AB681E30B5B00072CB20 /* Project object */;
			proxyType = 1;
			remoteGlobalIDString = 2638AB6F1E30B5B00072CB20;
			remoteInfo = MemeMe_V1;
		};
/* End PBXContainerItemProxy section */

/* Begin PBXFileReference section */
		26223A7E1E4B6F0C00D1DA68 /* SentMemesTableViewController.swift */ = {isa = PBXFileReference; fileEncoding = 4; lastKnownFileType = sourcecode.swift; path = SentMemesTableViewController.swift; sourceTree = "<group>"; };
		26223A801E4B798800D1DA68 /* SentMemesCollectionViewController.swift */ = {isa = PBXFileReference; fileEncoding = 4; lastKnownFileType = sourcecode.swift; path = SentMemesCollectionViewController.swift; sourceTree = "<group>"; };
		26223A821E4B7B0700D1DA68 /* MemeCollectionViewCell.swift */ = {isa = PBXFileReference; fileEncoding = 4; lastKnownFileType = sourcecode.swift; path = MemeCollectionViewCell.swift; sourceTree = "<group>"; };
		26223A841E4B805800D1DA68 /* MemeDetailViewController.swift */ = {isa = PBXFileReference; fileEncoding = 4; lastKnownFileType = sourcecode.swift; path = MemeDetailViewController.swift; sourceTree = "<group>"; };
		26223A861E4C95D200D1DA68 /* MemeTableViewCell.swift */ = {isa = PBXFileReference; fileEncoding = 4; lastKnownFileType = sourcecode.swift; path = MemeTableViewCell.swift; sourceTree = "<group>"; };
		2638AB701E30B5B00072CB20 /* MemeMe_V1.app */ = {isa = PBXFileReference; explicitFileType = wrapper.application; includeInIndex = 0; path = MemeMe_V1.app; sourceTree = BUILT_PRODUCTS_DIR; };
		2638AB731E30B5B00072CB20 /* AppDelegate.swift */ = {isa = PBXFileReference; lastKnownFileType = sourcecode.swift; path = AppDelegate.swift; sourceTree = "<group>"; };
		2638AB751E30B5B00072CB20 /* memeEditorViewController.swift */ = {isa = PBXFileReference; lastKnownFileType = sourcecode.swift; path = memeEditorViewController.swift; sourceTree = "<group>"; };
		2638AB781E30B5B00072CB20 /* Base */ = {isa = PBXFileReference; lastKnownFileType = file.storyboard; name = Base; path = Base.lproj/Main.storyboard; sourceTree = "<group>"; };
		2638AB7B1E30B5B00072CB20 /* MemeMe_V1.xcdatamodel */ = {isa = PBXFileReference; lastKnownFileType = wrapper.xcdatamodel; path = MemeMe_V1.xcdatamodel; sourceTree = "<group>"; };
		2638AB7D1E30B5B00072CB20 /* Assets.xcassets */ = {isa = PBXFileReference; lastKnownFileType = folder.assetcatalog; path = Assets.xcassets; sourceTree = "<group>"; };
		2638AB801E30B5B00072CB20 /* Base */ = {isa = PBXFileReference; lastKnownFileType = file.storyboard; name = Base; path = Base.lproj/LaunchScreen.storyboard; sourceTree = "<group>"; };
		2638AB821E30B5B00072CB20 /* Info.plist */ = {isa = PBXFileReference; lastKnownFileType = text.plist.xml; path = Info.plist; sourceTree = "<group>"; };
		2638AB871E30B5B00072CB20 /* MemeMe_V1Tests.xctest */ = {isa = PBXFileReference; explicitFileType = wrapper.cfbundle; includeInIndex = 0; path = MemeMe_V1Tests.xctest; sourceTree = BUILT_PRODUCTS_DIR; };
		2638AB8B1E30B5B00072CB20 /* MemeMe_V1Tests.swift */ = {isa = PBXFileReference; lastKnownFileType = sourcecode.swift; path = MemeMe_V1Tests.swift; sourceTree = "<group>"; };
		2638AB8D1E30B5B00072CB20 /* Info.plist */ = {isa = PBXFileReference; lastKnownFileType = text.plist.xml; path = Info.plist; sourceTree = "<group>"; };
		2638AB921E30B5B00072CB20 /* MemeMe_V1UITests.xctest */ = {isa = PBXFileReference; explicitFileType = wrapper.cfbundle; includeInIndex = 0; path = MemeMe_V1UITests.xctest; sourceTree = BUILT_PRODUCTS_DIR; };
		2638AB961E30B5B00072CB20 /* MemeMe_V1UITests.swift */ = {isa = PBXFileReference; lastKnownFileType = sourcecode.swift; path = MemeMe_V1UITests.swift; sourceTree = "<group>"; };
		2638AB981E30B5B00072CB20 /* Info.plist */ = {isa = PBXFileReference; lastKnownFileType = text.plist.xml; path = Info.plist; sourceTree = "<group>"; };
		2638ABA91E3302190072CB20 /* Meme.swift */ = {isa = PBXFileReference; fileEncoding = 4; lastKnownFileType = sourcecode.swift; path = Meme.swift; sourceTree = "<group>"; };
		2638ABAB1E33B4BD0072CB20 /* TextDelegate.swift */ = {isa = PBXFileReference; fileEncoding = 4; lastKnownFileType = sourcecode.swift; path = TextDelegate.swift; sourceTree = "<group>"; };
		26799B351E50D45A00BC8317 /* memeEditorViewControllerExtensions.swift */ = {isa = PBXFileReference; fileEncoding = 4; lastKnownFileType = sourcecode.swift; path = memeEditorViewControllerExtensions.swift; sourceTree = "<group>"; };
/* End PBXFileReference section */

/* Begin PBXFrameworksBuildPhase section */
		2638AB6D1E30B5B00072CB20 /* Frameworks */ = {
			isa = PBXFrameworksBuildPhase;
			buildActionMask = 2147483647;
			files = (
			);
			runOnlyForDeploymentPostprocessing = 0;
		};
		2638AB841E30B5B00072CB20 /* Frameworks */ = {
			isa = PBXFrameworksBuildPhase;
			buildActionMask = 2147483647;
			files = (
			);
			runOnlyForDeploymentPostprocessing = 0;
		};
		2638AB8F1E30B5B00072CB20 /* Frameworks */ = {
			isa = PBXFrameworksBuildPhase;
			buildActionMask = 2147483647;
			files = (
			);
			runOnlyForDeploymentPostprocessing = 0;
		};
/* End PBXFrameworksBuildPhase section */

/* Begin PBXGroup section */
		2638AB671E30B5B00072CB20 = {
			isa = PBXGroup;
			children = (
				2638AB721E30B5B00072CB20 /* MemeMe_V1 */,
				2638AB8A1E30B5B00072CB20 /* MemeMe_V1Tests */,
				2638AB951E30B5B00072CB20 /* MemeMe_V1UITests */,
				2638AB711E30B5B00072CB20 /* Products */,
			);
			sourceTree = "<group>";
		};
		2638AB711E30B5B00072CB20 /* Products */ = {
			isa = PBXGroup;
			children = (
				2638AB701E30B5B00072CB20 /* MemeMe_V1.app */,
				2638AB871E30B5B00072CB20 /* MemeMe_V1Tests.xctest */,
				2638AB921E30B5B00072CB20 /* MemeMe_V1UITests.xctest */,
			);
			name = Products;
			sourceTree = "<group>";
		};
		2638AB721E30B5B00072CB20 /* MemeMe_V1 */ = {
			isa = PBXGroup;
			children = (
				2638ABA81E3301AF0072CB20 /* Model */,
				2638ABA71E3301AB0072CB20 /* View */,
				2638ABA61E3301A20072CB20 /* Controller */,
				2638AB7D1E30B5B00072CB20 /* Assets.xcassets */,
				2638AB731E30B5B00072CB20 /* AppDelegate.swift */,
				2638AB7A1E30B5B00072CB20 /* MemeMe_V1.xcdatamodeld */,
				2638AB821E30B5B00072CB20 /* Info.plist */,
			);
			path = MemeMe_V1;
			sourceTree = "<group>";
		};
		2638AB8A1E30B5B00072CB20 /* MemeMe_V1Tests */ = {
			isa = PBXGroup;
			children = (
				2638AB8B1E30B5B00072CB20 /* MemeMe_V1Tests.swift */,
				2638AB8D1E30B5B00072CB20 /* Info.plist */,
			);
			path = MemeMe_V1Tests;
			sourceTree = "<group>";
		};
		2638AB951E30B5B00072CB20 /* MemeMe_V1UITests */ = {
			isa = PBXGroup;
			children = (
				2638AB961E30B5B00072CB20 /* MemeMe_V1UITests.swift */,
				2638AB981E30B5B00072CB20 /* Info.plist */,
			);
			path = MemeMe_V1UITests;
			sourceTree = "<group>";
		};
		2638ABA61E3301A20072CB20 /* Controller */ = {
			isa = PBXGroup;
			children = (
				26223A7E1E4B6F0C00D1DA68 /* SentMemesTableViewController.swift */,
				26223A801E4B798800D1DA68 /* SentMemesCollectionViewController.swift */,
				26223A841E4B805800D1DA68 /* MemeDetailViewController.swift */,
				2638AB751E30B5B00072CB20 /* memeEditorViewController.swift */,
				26799B351E50D45A00BC8317 /* memeEditorViewControllerExtensions.swift */,
			);
			name = Controller;
			sourceTree = "<group>";
		};
		2638ABA71E3301AB0072CB20 /* View */ = {
			isa = PBXGroup;
			children = (
				2638AB771E30B5B00072CB20 /* Main.storyboard */,
				2638AB7F1E30B5B00072CB20 /* LaunchScreen.storyboard */,
			);
			name = View;
			sourceTree = "<group>";
		};
		2638ABA81E3301AF0072CB20 /* Model */ = {
			isa = PBXGroup;
			children = (
				2638ABAB1E33B4BD0072CB20 /* TextDelegate.swift */,
				2638ABA91E3302190072CB20 /* Meme.swift */,
				26223A821E4B7B0700D1DA68 /* MemeCollectionViewCell.swift */,
				26223A861E4C95D200D1DA68 /* MemeTableViewCell.swift */,
			);
			name = Model;
			sourceTree = "<group>";
		};
/* End PBXGroup section */

/* Begin PBXNativeTarget section */
		2638AB6F1E30B5B00072CB20 /* MemeMe_V1 */ = {
			isa = PBXNativeTarget;
			buildConfigurationList = 2638AB9B1E30B5B00072CB20 /* Build configuration list for PBXNativeTarget "MemeMe_V1" */;
			buildPhases = (
				2638AB6C1E30B5B00072CB20 /* Sources */,
				2638AB6D1E30B5B00072CB20 /* Frameworks */,
				2638AB6E1E30B5B00072CB20 /* Resources */,
			);
			buildRules = (
			);
			dependencies = (
			);
			name = MemeMe_V1;
			productName = MemeMe_V1;
			productReference = 2638AB701E30B5B00072CB20 /* MemeMe_V1.app */;
			productType = "com.apple.product-type.application";
		};
		2638AB861E30B5B00072CB20 /* MemeMe_V1Tests */ = {
			isa = PBXNativeTarget;
			buildConfigurationList = 2638AB9E1E30B5B00072CB20 /* Build configuration list for PBXNativeTarget "MemeMe_V1Tests" */;
			buildPhases = (
				2638AB831E30B5B00072CB20 /* Sources */,
				2638AB841E30B5B00072CB20 /* Frameworks */,
				2638AB851E30B5B00072CB20 /* Resources */,
			);
			buildRules = (
			);
			dependencies = (
				2638AB891E30B5B00072CB20 /* PBXTargetDependency */,
			);
			name = MemeMe_V1Tests;
			productName = MemeMe_V1Tests;
			productReference = 2638AB871E30B5B00072CB20 /* MemeMe_V1Tests.xctest */;
			productType = "com.apple.product-type.bundle.unit-test";
		};
		2638AB911E30B5B00072CB20 /* MemeMe_V1UITests */ = {
			isa = PBXNativeTarget;
			buildConfigurationList = 2638ABA11E30B5B00072CB20 /* Build configuration list for PBXNativeTarget "MemeMe_V1UITests" */;
			buildPhases = (
				2638AB8E1E30B5B00072CB20 /* Sources */,
				2638AB8F1E30B5B00072CB20 /* Frameworks */,
				2638AB901E30B5B00072CB20 /* Resources */,
			);
			buildRules = (
			);
			dependencies = (
				2638AB941E30B5B00072CB20 /* PBXTargetDependency */,
			);
			name = MemeMe_V1UITests;
			productName = MemeMe_V1UITests;
			productReference = 2638AB921E30B5B00072CB20 /* MemeMe_V1UITests.xctest */;
			productType = "com.apple.product-type.bundle.ui-testing";
		};
/* End PBXNativeTarget section */

/* Begin PBXProject section */
		2638AB681E30B5B00072CB20 /* Project object */ = {
			isa = PBXProject;
			attributes = {
				LastSwiftUpdateCheck = 0820;
				LastUpgradeCheck = 0820;
				ORGANIZATIONNAME = "Beauty Bag Co.";
				TargetAttributes = {
					2638AB6F1E30B5B00072CB20 = {
						CreatedOnToolsVersion = 8.2.1;
						DevelopmentTeam = 5GP62UZSP9;
						ProvisioningStyle = Automatic;
					};
					2638AB861E30B5B00072CB20 = {
						CreatedOnToolsVersion = 8.2.1;
						DevelopmentTeam = 5GP62UZSP9;
						ProvisioningStyle = Automatic;
						TestTargetID = 2638AB6F1E30B5B00072CB20;
					};
					2638AB911E30B5B00072CB20 = {
						CreatedOnToolsVersion = 8.2.1;
						DevelopmentTeam = 5GP62UZSP9;
						ProvisioningStyle = Automatic;
						TestTargetID = 2638AB6F1E30B5B00072CB20;
					};
				};
			};
			buildConfigurationList = 2638AB6B1E30B5B00072CB20 /* Build configuration list for PBXProject "MemeMe_V1" */;
			compatibilityVersion = "Xcode 3.2";
			developmentRegion = English;
			hasScannedForEncodings = 0;
			knownRegions = (
				en,
				Base,
			);
			mainGroup = 2638AB671E30B5B00072CB20;
			productRefGroup = 2638AB711E30B5B00072CB20 /* Products */;
			projectDirPath = "";
			projectRoot = "";
			targets = (
				2638AB6F1E30B5B00072CB20 /* MemeMe_V1 */,
				2638AB861E30B5B00072CB20 /* MemeMe_V1Tests */,
				2638AB911E30B5B00072CB20 /* MemeMe_V1UITests */,
			);
		};
/* End PBXProject section */

/* Begin PBXResourcesBuildPhase section */
		2638AB6E1E30B5B00072CB20 /* Resources */ = {
			isa = PBXResourcesBuildPhase;
			buildActionMask = 2147483647;
			files = (
				2638AB811E30B5B00072CB20 /* LaunchScreen.storyboard in Resources */,
				2638AB7E1E30B5B00072CB20 /* Assets.xcassets in Resources */,
				2638AB791E30B5B00072CB20 /* Main.storyboard in Resources */,
			);
			runOnlyForDeploymentPostprocessing = 0;
		};
		2638AB851E30B5B00072CB20 /* Resources */ = {
			isa = PBXResourcesBuildPhase;
			buildActionMask = 2147483647;
			files = (
			);
			runOnlyForDeploymentPostprocessing = 0;
		};
		2638AB901E30B5B00072CB20 /* Resources */ = {
			isa = PBXResourcesBuildPhase;
			buildActionMask = 2147483647;
			files = (
			);
			runOnlyForDeploymentPostprocessing = 0;
		};
/* End PBXResourcesBuildPhase section */

/* Begin PBXSourcesBuildPhase section */
		2638AB6C1E30B5B00072CB20 /* Sources */ = {
			isa = PBXSourcesBuildPhase;
			buildActionMask = 2147483647;
			files = (
				26223A871E4C95D200D1DA68 /* MemeTableViewCell.swift in Sources */,
				2638ABAC1E33B4BD0072CB20 /* TextDelegate.swift in Sources */,
				26223A7F1E4B6F0C00D1DA68 /* SentMemesTableViewController.swift in Sources */,
				2638AB761E30B5B00072CB20 /* memeEditorViewController.swift in Sources */,
				26223A831E4B7B0700D1DA68 /* MemeCollectionViewCell.swift in Sources */,
				2638ABAA1E3302190072CB20 /* Meme.swift in Sources */,
				2638AB741E30B5B00072CB20 /* AppDelegate.swift in Sources */,
				26799B361E50D45A00BC8317 /* memeEditorViewControllerExtensions.swift in Sources */,
				26223A811E4B798800D1DA68 /* SentMemesCollectionViewController.swift in Sources */,
				2638AB7C1E30B5B00072CB20 /* MemeMe_V1.xcdatamodeld in Sources */,
				26223A851E4B805800D1DA68 /* MemeDetailViewController.swift in Sources */,
			);
			runOnlyForDeploymentPostprocessing = 0;
		};
		2638AB831E30B5B00072CB20 /* Sources */ = {
			isa = PBXSourcesBuildPhase;
			buildActionMask = 2147483647;
			files = (
				2638AB8C1E30B5B00072CB20 /* MemeMe_V1Tests.swift in Sources */,
			);
			runOnlyForDeploymentPostprocessing = 0;
		};
		2638AB8E1E30B5B00072CB20 /* Sources */ = {
			isa = PBXSourcesBuildPhase;
			buildActionMask = 2147483647;
			files = (
				2638AB971E30B5B00072CB20 /* MemeMe_V1UITests.swift in Sources */,
			);
			runOnlyForDeploymentPostprocessing = 0;
		};
/* End PBXSourcesBuildPhase section */

/* Begin PBXTargetDependency section */
		2638AB891E30B5B00072CB20 /* PBXTargetDependency */ = {
			isa = PBXTargetDependency;
			target = 2638AB6F1E30B5B00072CB20 /* MemeMe_V1 */;
			targetProxy = 2638AB881E30B5B00072CB20 /* PBXContainerItemProxy */;
		};
		2638AB941E30B5B00072CB20 /* PBXTargetDependency */ = {
			isa = PBXTargetDependency;
			target = 2638AB6F1E30B5B00072CB20 /* MemeMe_V1 */;
			targetProxy = 2638AB931E30B5B00072CB20 /* PBXContainerItemProxy */;
		};
/* End PBXTargetDependency section */

/* Begin PBXVariantGroup section */
		2638AB771E30B5B00072CB20 /* Main.storyboard */ = {
			isa = PBXVariantGroup;
			children = (
				2638AB781E30B5B00072CB20 /* Base */,
			);
			name = Main.storyboard;
			sourceTree = "<group>";
		};
		2638AB7F1E30B5B00072CB20 /* LaunchScreen.storyboard */ = {
			isa = PBXVariantGroup;
			children = (
				2638AB801E30B5B00072CB20 /* Base */,
			);
			name = LaunchScreen.storyboard;
			sourceTree = "<group>";
		};
/* End PBXVariantGroup section */

/* Begin XCBuildConfiguration section */
		2638AB991E30B5B00072CB20 /* Debug */ = {
			isa = XCBuildConfiguration;
			buildSettings = {
				ALWAYS_SEARCH_USER_PATHS = NO;
				CLANG_ANALYZER_NONNULL = YES;
				CLANG_CXX_LANGUAGE_STANDARD = "gnu++0x";
				CLANG_CXX_LIBRARY = "libc++";
				CLANG_ENABLE_MODULES = YES;
				CLANG_ENABLE_OBJC_ARC = YES;
				CLANG_WARN_BOOL_CONVERSION = YES;
				CLANG_WARN_CONSTANT_CONVERSION = YES;
				CLANG_WARN_DIRECT_OBJC_ISA_USAGE = YES_ERROR;
				CLANG_WARN_DOCUMENTATION_COMMENTS = YES;
				CLANG_WARN_EMPTY_BODY = YES;
				CLANG_WARN_ENUM_CONVERSION = YES;
				CLANG_WARN_INFINITE_RECURSION = YES;
				CLANG_WARN_INT_CONVERSION = YES;
				CLANG_WARN_OBJC_ROOT_CLASS = YES_ERROR;
				CLANG_WARN_SUSPICIOUS_MOVE = YES;
				CLANG_WARN_UNREACHABLE_CODE = YES;
				CLANG_WARN__DUPLICATE_METHOD_MATCH = YES;
				"CODE_SIGN_IDENTITY[sdk=iphoneos*]" = "iPhone Developer";
				COPY_PHASE_STRIP = NO;
				DEBUG_INFORMATION_FORMAT = dwarf;
				ENABLE_STRICT_OBJC_MSGSEND = YES;
				ENABLE_TESTABILITY = YES;
				GCC_C_LANGUAGE_STANDARD = gnu99;
				GCC_DYNAMIC_NO_PIC = NO;
				GCC_NO_COMMON_BLOCKS = YES;
				GCC_OPTIMIZATION_LEVEL = 0;
				GCC_PREPROCESSOR_DEFINITIONS = (
					"DEBUG=1",
					"$(inherited)",
				);
				GCC_WARN_64_TO_32_BIT_CONVERSION = YES;
				GCC_WARN_ABOUT_RETURN_TYPE = YES_ERROR;
				GCC_WARN_UNDECLARED_SELECTOR = YES;
				GCC_WARN_UNINITIALIZED_AUTOS = YES_AGGRESSIVE;
				GCC_WARN_UNUSED_FUNCTION = YES;
				GCC_WARN_UNUSED_VARIABLE = YES;
				IPHONEOS_DEPLOYMENT_TARGET = 10.2;
				MTL_ENABLE_DEBUG_INFO = YES;
				ONLY_ACTIVE_ARCH = YES;
				SDKROOT = iphoneos;
				SWIFT_ACTIVE_COMPILATION_CONDITIONS = DEBUG;
				SWIFT_OPTIMIZATION_LEVEL = "-Onone";
				TARGETED_DEVICE_FAMILY = "1,2";
			};
			name = Debug;
		};
		2638AB9A1E30B5B00072CB20 /* Release */ = {
			isa = XCBuildConfiguration;
			buildSettings = {
				ALWAYS_SEARCH_USER_PATHS = NO;
				CLANG_ANALYZER_NONNULL = YES;
				CLANG_CXX_LANGUAGE_STANDARD = "gnu++0x";
				CLANG_CXX_LIBRARY = "libc++";
				CLANG_ENABLE_MODULES = YES;
				CLANG_ENABLE_OBJC_ARC = YES;
				CLANG_WARN_BOOL_CONVERSION = YES;
				CLANG_WARN_CONSTANT_CONVERSION = YES;
				CLANG_WARN_DIRECT_OBJC_ISA_USAGE = YES_ERROR;
				CLANG_WARN_DOCUMENTATION_COMMENTS = YES;
				CLANG_WARN_EMPTY_BODY = YES;
				CLANG_WARN_ENUM_CONVERSION = YES;
				CLANG_WARN_INFINITE_RECURSION = YES;
				CLANG_WARN_INT_CONVERSION = YES;
				CLANG_WARN_OBJC_ROOT_CLASS = YES_ERROR;
				CLANG_WARN_SUSPICIOUS_MOVE = YES;
				CLANG_WARN_UNREACHABLE_CODE = YES;
				CLANG_WARN__DUPLICATE_METHOD_MATCH = YES;
				"CODE_SIGN_IDENTITY[sdk=iphoneos*]" = "iPhone Developer";
				COPY_PHASE_STRIP = NO;
				DEBUG_INFORMATION_FORMAT = "dwarf-with-dsym";
				ENABLE_NS_ASSERTIONS = NO;
				ENABLE_STRICT_OBJC_MSGSEND = YES;
				GCC_C_LANGUAGE_STANDARD = gnu99;
				GCC_NO_COMMON_BLOCKS = YES;
				GCC_WARN_64_TO_32_BIT_CONVERSION = YES;
				GCC_WARN_ABOUT_RETURN_TYPE = YES_ERROR;
				GCC_WARN_UNDECLARED_SELECTOR = YES;
				GCC_WARN_UNINITIALIZED_AUTOS = YES_AGGRESSIVE;
				GCC_WARN_UNUSED_FUNCTION = YES;
				GCC_WARN_UNUSED_VARIABLE = YES;
				IPHONEOS_DEPLOYMENT_TARGET = 10.2;
				MTL_ENABLE_DEBUG_INFO = NO;
				SDKROOT = iphoneos;
				SWIFT_OPTIMIZATION_LEVEL = "-Owholemodule";
				TARGETED_DEVICE_FAMILY = "1,2";
				VALIDATE_PRODUCT = YES;
			};
			name = Release;
		};
		2638AB9C1E30B5B00072CB20 /* Debug */ = {
			isa = XCBuildConfiguration;
			buildSettings = {
				ASSETCATALOG_COMPILER_APPICON_NAME = AppIcon;
				DEVELOPMENT_TEAM = 5GP62UZSP9;
				INFOPLIST_FILE = MemeMe_V1/Info.plist;
				LD_RUNPATH_SEARCH_PATHS = "$(inherited) @executable_path/Frameworks";
				PRODUCT_BUNDLE_IDENTIFIER = "com.Cameron.MemeMe-V1";
				PRODUCT_NAME = "$(TARGET_NAME)";
				SWIFT_VERSION = 3.0;
			};
			name = Debug;
		};
		2638AB9D1E30B5B00072CB20 /* Release */ = {
			isa = XCBuildConfiguration;
			buildSettings = {
				ASSETCATALOG_COMPILER_APPICON_NAME = AppIcon;
				DEVELOPMENT_TEAM = 5GP62UZSP9;
				INFOPLIST_FILE = MemeMe_V1/Info.plist;
				LD_RUNPATH_SEARCH_PATHS = "$(inherited) @executable_path/Frameworks";
				PRODUCT_BUNDLE_IDENTIFIER = "com.Cameron.MemeMe-V1";
				PRODUCT_NAME = "$(TARGET_NAME)";
				SWIFT_VERSION = 3.0;
			};
			name = Release;
		};
		2638AB9F1E30B5B00072CB20 /* Debug */ = {
			isa = XCBuildConfiguration;
			buildSettings = {
				ALWAYS_EMBED_SWIFT_STANDARD_LIBRARIES = YES;
				BUNDLE_LOADER = "$(TEST_HOST)";
				DEVELOPMENT_TEAM = 5GP62UZSP9;
				INFOPLIST_FILE = MemeMe_V1Tests/Info.plist;
				LD_RUNPATH_SEARCH_PATHS = "$(inherited) @executable_path/Frameworks @loader_path/Frameworks";
				PRODUCT_BUNDLE_IDENTIFIER = "com.Cameron.MemeMe-V1Tests";
				PRODUCT_NAME = "$(TARGET_NAME)";
				SWIFT_VERSION = 3.0;
				TEST_HOST = "$(BUILT_PRODUCTS_DIR)/MemeMe_V1.app/MemeMe_V1";
			};
			name = Debug;
		};
		2638ABA01E30B5B00072CB20 /* Release */ = {
			isa = XCBuildConfiguration;
			buildSettings = {
				ALWAYS_EMBED_SWIFT_STANDARD_LIBRARIES = YES;
				BUNDLE_LOADER = "$(TEST_HOST)";
				DEVELOPMENT_TEAM = 5GP62UZSP9;
				INFOPLIST_FILE = MemeMe_V1Tests/Info.plist;
				LD_RUNPATH_SEARCH_PATHS = "$(inherited) @executable_path/Frameworks @loader_path/Frameworks";
				PRODUCT_BUNDLE_IDENTIFIER = "com.Cameron.MemeMe-V1Tests";
				PRODUCT_NAME = "$(TARGET_NAME)";
				SWIFT_VERSION = 3.0;
				TEST_HOST = "$(BUILT_PRODUCTS_DIR)/MemeMe_V1.app/MemeMe_V1";
			};
			name = Release;
		};
		2638ABA21E30B5B00072CB20 /* Debug */ = {
			isa = XCBuildConfiguration;
			buildSettings = {
				ALWAYS_EMBED_SWIFT_STANDARD_LIBRARIES = YES;
				DEVELOPMENT_TEAM = 5GP62UZSP9;
				INFOPLIST_FILE = MemeMe_V1UITests/Info.plist;
				LD_RUNPATH_SEARCH_PATHS = "$(inherited) @executable_path/Frameworks @loader_path/Frameworks";
				PRODUCT_BUNDLE_IDENTIFIER = "com.Cameron.MemeMe-V1UITests";
				PRODUCT_NAME = "$(TARGET_NAME)";
				SWIFT_VERSION = 3.0;
				TEST_TARGET_NAME = MemeMe_V1;
			};
			name = Debug;
		};
		2638ABA31E30B5B00072CB20 /* Release */ = {
			isa = XCBuildConfiguration;
			buildSettings = {
				ALWAYS_EMBED_SWIFT_STANDARD_LIBRARIES = YES;
				DEVELOPMENT_TEAM = 5GP62UZSP9;
				INFOPLIST_FILE = MemeMe_V1UITests/Info.plist;
				LD_RUNPATH_SEARCH_PATHS = "$(inherited) @executable_path/Frameworks @loader_path/Frameworks";
				PRODUCT_BUNDLE_IDENTIFIER = "com.Cameron.MemeMe-V1UITests";
				PRODUCT_NAME = "$(TARGET_NAME)";
				SWIFT_VERSION = 3.0;
				TEST_TARGET_NAME = MemeMe_V1;
			};
			name = Release;
		};
/* End XCBuildConfiguration section */

/* Begin XCConfigurationList section */
		2638AB6B1E30B5B00072CB20 /* Build configuration list for PBXProject "MemeMe_V1" */ = {
			isa = XCConfigurationList;
			buildConfigurations = (
				2638AB991E30B5B00072CB20 /* Debug */,
				2638AB9A1E30B5B00072CB20 /* Release */,
			);
			defaultConfigurationIsVisible = 0;
			defaultConfigurationName = Release;
		};
		2638AB9B1E30B5B00072CB20 /* Build configuration list for PBXNativeTarget "MemeMe_V1" */ = {
			isa = XCConfigurationList;
			buildConfigurations = (
				2638AB9C1E30B5B00072CB20 /* Debug */,
				2638AB9D1E30B5B00072CB20 /* Release */,
			);
			defaultConfigurationIsVisible = 0;
			defaultConfigurationName = Release;
		};
		2638AB9E1E30B5B00072CB20 /* Build configuration list for PBXNativeTarget "MemeMe_V1Tests" */ = {
			isa = XCConfigurationList;
			buildConfigurations = (
				2638AB9F1E30B5B00072CB20 /* Debug */,
				2638ABA01E30B5B00072CB20 /* Release */,
			);
			defaultConfigurationIsVisible = 0;
			defaultConfigurationName = Release;
		};
		2638ABA11E30B5B00072CB20 /* Build configuration list for PBXNativeTarget "MemeMe_V1UITests" */ = {
			isa = XCConfigurationList;
			buildConfigurations = (
				2638ABA21E30B5B00072CB20 /* Debug */,
				2638ABA31E30B5B00072CB20 /* Release */,
			);
			defaultConfigurationIsVisible = 0;
			defaultConfigurationName = Release;
		};
/* End XCConfigurationList section */

/* Begin XCVersionGroup section */
		2638AB7A1E30B5B00072CB20 /* MemeMe_V1.xcdatamodeld */ = {
			isa = XCVersionGroup;
			children = (
				2638AB7B1E30B5B00072CB20 /* MemeMe_V1.xcdatamodel */,
			);
			currentVersion = 2638AB7B1E30B5B00072CB20 /* MemeMe_V1.xcdatamodel */;
			path = MemeMe_V1.xcdatamodeld;
			sourceTree = "<group>";
			versionGroupType = wrapper.xcdatamodel;
		};
/* End XCVersionGroup section */
	};
	rootObject = 2638AB681E30B5B00072CB20 /* Project object */;
}
